
Microsoft Visual Studio Solution File, Format Version 12.00
# Visual Studio Version 17
VisualStudioVersion = 17.14.37012.4 d17.14
MinimumVisualStudioVersion = 10.0.40219.1
Project("{FAE04EC0-301F-11D3-BF4B-00C04F79EFBC}") = "QuizApp", "QuizApp.csproj", "{AA73C6A1-9F22-41F1-9130-4DBFC768056F}"
EndProject
Global
	GlobalSection(SolutionConfigurationPlatforms) = preSolution
		Debug|Any CPU = Debug|Any CPU
		Release|Any CPU = Release|Any CPU
	EndGlobalSection
	GlobalSection(ProjectConfigurationPlatforms) = postSolution
		{AA73C6A1-9F22-41F1-9130-4DBFC768056F}.Debug|Any CPU.ActiveCfg = Debug|Any CPU
		{AA73C6A1-9F22-41F1-9130-4DBFC768056F}.Debug|Any CPU.Build.0 = Debug|Any CPU
		{AA73C6A1-9F22-41F1-9130-4DBFC768056F}.Release|Any CPU.ActiveCfg = Release|Any CPU
		{AA73C6A1-9F22-41F1-9130-4DBFC768056F}.Release|Any CPU.Build.0 = Release|Any CPU
	EndGlobalSection
	GlobalSection(SolutionProperties) = preSolution
		HideSolutionNode = FALSE
	EndGlobalSection
	GlobalSection(ExtensibilityGlobals) = postSolution
		SolutionGuid = {C98A1265-CB50-4141-985C-E3F611BB1C9E}
	EndGlobalSection
EndGlobal
